
Microsoft Visual Studio Solution File, Format Version 12.00
# Visual Studio Version 16
VisualStudioVersion = 16.0.30804.86
MinimumVisualStudioVersion = 10.0.40219.1
Project("{9A19103F-16F7-4668-BE54-9A1E7A4F7556}") = "Services", "Services\Services.csproj", "{99088266-2B2F-4918-BF5F-DDDBF42978EF}"
EndProject
Project("{9A19103F-16F7-4668-BE54-9A1E7A4F7556}") = "Interface", "Interface\Interface.csproj", "{5618F67E-F84C-478B-B595-FE9E2FFD7605}"
EndProject
Project("{9A19103F-16F7-4668-BE54-9A1E7A4F7556}") = "Business", "Business\Business.csproj", "{F2336CB4-6DFE-4B13-ABA5-06563EC91C72}"
EndProject
Project("{FAE04EC0-301F-11D3-BF4B-00C04F79EFBC}") = "Services.Tests", "Services.Tests\Services.Tests.csproj", "{0D85D631-FFE7-4406-869D-B60A681856BD}"
EndProject
Global
	GlobalSection(SolutionConfigurationPlatforms) = preSolution
		Debug|Any CPU = Debug|Any CPU
		Release|Any CPU = Release|Any CPU
	EndGlobalSection
	GlobalSection(ProjectConfigurationPlatforms) = postSolution
		{99088266-2B2F-4918-BF5F-DDDBF42978EF}.Debug|Any CPU.ActiveCfg = Debug|Any CPU
		{99088266-2B2F-4918-BF5F-DDDBF42978EF}.Debug|Any CPU.Build.0 = Debug|Any CPU
		{99088266-2B2F-4918-BF5F-DDDBF42978EF}.Release|Any CPU.ActiveCfg = Release|Any CPU
		{99088266-2B2F-4918-BF5F-DDDBF42978EF}.Release|Any CPU.Build.0 = Release|Any CPU
		{5618F67E-F84C-478B-B595-FE9E2FFD7605}.Debug|Any CPU.ActiveCfg = Debug|Any CPU
		{5618F67E-F84C-478B-B595-FE9E2FFD7605}.Debug|Any CPU.Build.0 = Debug|Any CPU
		{5618F67E-F84C-478B-B595-FE9E2FFD7605}.Release|Any CPU.ActiveCfg = Release|Any CPU
		{5618F67E-F84C-478B-B595-FE9E2FFD7605}.Release|Any CPU.Build.0 = Release|Any CPU
		{F2336CB4-6DFE-4B13-ABA5-06563EC91C72}.Debug|Any CPU.ActiveCfg = Debug|Any CPU
		{F2336CB4-6DFE-4B13-ABA5-06563EC91C72}.Debug|Any CPU.Build.0 = Debug|Any CPU
		{F2336CB4-6DFE-4B13-ABA5-06563EC91C72}.Release|Any CPU.ActiveCfg = Release|Any CPU
		{F2336CB4-6DFE-4B13-ABA5-06563EC91C72}.Release|Any CPU.Build.0 = Release|Any CPU
		{0D85D631-FFE7-4406-869D-B60A681856BD}.Debug|Any CPU.ActiveCfg = Debug|Any CPU
		{0D85D631-FFE7-4406-869D-B60A681856BD}.Debug|Any CPU.Build.0 = Debug|Any CPU
		{0D85D631-FFE7-4406-869D-B60A681856BD}.Release|Any CPU.ActiveCfg = Release|Any CPU
		{0D85D631-FFE7-4406-869D-B60A681856BD}.Release|Any CPU.Build.0 = Release|Any CPU
	EndGlobalSection
	GlobalSection(SolutionProperties) = preSolution
		HideSolutionNode = FALSE
	EndGlobalSection
	GlobalSection(ExtensibilityGlobals) = postSolution
		SolutionGuid = {1B06A1A0-F84F-436C-89AC-77B093C0EC36}
	EndGlobalSection
EndGlobal
